
Microsoft Visual Studio Solution File, Format Version 12.00
# Visual Studio 2012
Project("{FAE04EC0-301F-11D3-BF4B-00C04F79EFBC}") = "gSDK_vgui", "gSDK_vgui.csproj", "{C418F0E1-BAE9-4D3B-9CFF-72AF74131194}"
EndProject
Project("{FAE04EC0-301F-11D3-BF4B-00C04F79EFBC}") = "gSDK_Launcher", "..\gSDK_Launcher\gSDK_Launcher\gSDK_Launcher.csproj", "{28774276-B5DC-4D9C-931C-0ECFDA3F09BA}"
EndProject
Global
	GlobalSection(SolutionConfigurationPlatforms) = preSolution
		Debug|Any CPU = Debug|Any CPU
		Release|Any CPU = Release|Any CPU
	EndGlobalSection
	GlobalSection(ProjectConfigurationPlatforms) = postSolution
		{C418F0E1-BAE9-4D3B-9CFF-72AF74131194}.Debug|Any CPU.ActiveCfg = Debug|Any CPU
		{C418F0E1-BAE9-4D3B-9CFF-72AF74131194}.Debug|Any CPU.Build.0 = Debug|Any CPU
		{C418F0E1-BAE9-4D3B-9CFF-72AF74131194}.Release|Any CPU.ActiveCfg = Release|Any CPU
		{C418F0E1-BAE9-4D3B-9CFF-72AF74131194}.Release|Any CPU.Build.0 = Release|Any CPU
		{28774276-B5DC-4D9C-931C-0ECFDA3F09BA}.Debug|Any CPU.ActiveCfg = Debug|Any CPU
		{28774276-B5DC-4D9C-931C-0ECFDA3F09BA}.Debug|Any CPU.Build.0 = Debug|Any CPU
		{28774276-B5DC-4D9C-931C-0ECFDA3F09BA}.Release|Any CPU.ActiveCfg = Release|Any CPU
		{28774276-B5DC-4D9C-931C-0ECFDA3F09BA}.Release|Any CPU.Build.0 = Release|Any CPU
	EndGlobalSection
	GlobalSection(SolutionProperties) = preSolution
		HideSolutionNode = FALSE
	EndGlobalSection
EndGlobal
